
Microsoft Visual Studio Solution File, Format Version 12.00
# Visual Studio Version 16
VisualStudioVersion = 16.0.29613.14
MinimumVisualStudioVersion = 10.0.40219.1
Project("{FAE04EC0-301F-11D3-BF4B-00C04F79EFBC}") = "COSEC", "COSEC\COSEC.csproj", "{63B5EA26-9C44-44C3-B300-6499DE4413F3}"
EndProject
Global
	GlobalSection(SolutionConfigurationPlatforms) = preSolution
		Debug|Any CPU = Debug|Any CPU
		Release|Any CPU = Release|Any CPU
	EndGlobalSection
	GlobalSection(ProjectConfigurationPlatforms) = postSolution
		{63B5EA26-9C44-44C3-B300-6499DE4413F3}.Debug|Any CPU.ActiveCfg = Debug|Any CPU
		{63B5EA26-9C44-44C3-B300-6499DE4413F3}.Debug|Any CPU.Build.0 = Debug|Any CPU
		{63B5EA26-9C44-44C3-B300-6499DE4413F3}.Release|Any CPU.ActiveCfg = Release|Any CPU
		{63B5EA26-9C44-44C3-B300-6499DE4413F3}.Release|Any CPU.Build.0 = Release|Any CPU
	EndGlobalSection
	GlobalSection(SolutionProperties) = preSolution
		HideSolutionNode = FALSE
	EndGlobalSection
	GlobalSection(ExtensibilityGlobals) = postSolution
		SolutionGuid = {587BB317-E59D-4149-9314-C3ECE3619952}
	EndGlobalSection
EndGlobal
